
Microsoft Visual Studio Solution File, Format Version 12.00
# Visual Studio Version 16
VisualStudioVersion = 16.0.30717.126
MinimumVisualStudioVersion = 10.0.40219.1
Project("{2150E333-8FDC-42A3-9474-1A3956D46DE8}") = "Core", "Core", "{BDA43883-8A14-4D71-9D70-804DF6C48581}"
EndProject
Project("{2150E333-8FDC-42A3-9474-1A3956D46DE8}") = "Infrastructure", "Infrastructure", "{39726FEE-8958-4115-B0A0-1F711D4EEE8C}"
EndProject
Project("{2150E333-8FDC-42A3-9474-1A3956D46DE8}") = "API", "API", "{5E048544-2A5B-43D5-9231-052403F0DD60}"
EndProject
Project("{2150E333-8FDC-42A3-9474-1A3956D46DE8}") = "Shared Kernel", "Shared Kernel", "{2AAC66A3-6D24-43DB-9E0F-23A8FDB05DFC}"
EndProject
Project("{9A19103F-16F7-4668-BE54-9A1E7A4F7556}") = "Infra.Common.Models", "Infrastructure\Infra.Common.Models\Infra.Common.Models.csproj", "{74D2A1CF-6515-468F-B082-12B3D90B8968}"
EndProject
Project("{9A19103F-16F7-4668-BE54-9A1E7A4F7556}") = "Infra.oAuthService", "Infrastructure\Infra.Authentication.Service\Infra.OAuthService\Infra.oAuthService.csproj", "{55E593D7-A66D-4410-BE88-8CEB94E0B84F}"
EndProject
Project("{9A19103F-16F7-4668-BE54-9A1E7A4F7556}") = "infra.oAuthService.Api.Extensions", "Infrastructure\Infra.Authentication.Service\Infra.OAuthService.Api.Extensions\infra.oAuthService.Api.Extensions.csproj", "{5992E4C9-E00F-4191-9A35-369D72D70B82}"
EndProject
Project("{9A19103F-16F7-4668-BE54-9A1E7A4F7556}") = "Infra.DomainDrivenDesign.Base", "Infrastructure\Infra.DomainDrivenDesign.Base\Infra.DomainDrivenDesign.Base.csproj", "{CAD16A93-365E-4D9A-9211-2CE7AF896C2A}"
EndProject
Project("{2150E333-8FDC-42A3-9474-1A3956D46DE8}") = "Authentication", "Authentication", "{CB32E531-01E9-480B-B2AD-2D50E1B2EB92}"
EndProject
Project("{2150E333-8FDC-42A3-9474-1A3956D46DE8}") = "Persistence", "Persistence", "{44F08FF2-DFC3-49E2-A0CF-88AD3B572B78}"
EndProject
Project("{2150E333-8FDC-42A3-9474-1A3956D46DE8}") = "MediatR", "MediatR", "{E28A09B9-E9C8-4966-8C7A-59E8DBB83FA1}"
EndProject
Project("{9A19103F-16F7-4668-BE54-9A1E7A4F7556}") = "Infra.MediatR.Caching", "Infrastructure\Infra.MediatR\Infra.MediatR.Caching\Infra.MediatR.Caching.csproj", "{41327AD0-7F06-4343-8F5A-DF26749E5BC0}"
EndProject
Project("{9A19103F-16F7-4668-BE54-9A1E7A4F7556}") = "Infra.MediatR.Caching.Extensions", "Infrastructure\Infra.MediatR\Infra.MediatR.Caching.Extensions\Infra.MediatR.Caching.Extensions.csproj", "{635BF108-A0AD-42EB-94A6-AA0E500C1C2D}"
EndProject
Project("{9A19103F-16F7-4668-BE54-9A1E7A4F7556}") = "Infra.MediatR.Logging", "Infrastructure\Infra.MediatR\Infra.MediatR.Logging\Infra.MediatR.Logging.csproj", "{E41667DE-7F61-435B-884C-E94D25640294}"
EndProject
Project("{9A19103F-16F7-4668-BE54-9A1E7A4F7556}") = "Infra.MediatR.Logging.Extensions", "Infrastructure\Infra.MediatR\Infra.MediatR.Logging.Extensions\Infra.MediatR.Logging.Extensions.csproj", "{6988A040-0F79-4BC5-AA73-3949DDB811E9}"
EndProject
Project("{9A19103F-16F7-4668-BE54-9A1E7A4F7556}") = "Infra.MediatR.Validation", "Infrastructure\Infra.MediatR\Infra.MediatR.Validation\Infra.MediatR.Validation.csproj", "{FFB3F723-08EC-4388-A68C-D31CD2244C9E}"
EndProject
Project("{9A19103F-16F7-4668-BE54-9A1E7A4F7556}") = "Infra.MediatR.Validation.Extensions", "Infrastructure\Infra.MediatR\Infra.MediatR.Validation.Extensions\Infra.MediatR.Validation.Extensions.csproj", "{6642CA15-B1B3-427C-A7C8-A50A98F10EEB}"
EndProject
Project("{9A19103F-16F7-4668-BE54-9A1E7A4F7556}") = "Infra.Persistence", "Infrastructure\Infra.Persistence\Infra.Persistence\Infra.Persistence.csproj", "{07B58B00-74AB-41AF-AD7B-66DE60D9AA7C}"
EndProject
Project("{9A19103F-16F7-4668-BE54-9A1E7A4F7556}") = "Infra.Persistence.EntityFramework", "Infrastructure\Infra.Persistence\Infra.Persistence.EntityFramework\Infra.Persistence.EntityFramework.csproj", "{B41F0B34-2F0D-4EE9-BD1F-7F389939534C}"
EndProject
Project("{9A19103F-16F7-4668-BE54-9A1E7A4F7556}") = "Infra.Persistence.EntityFramework.Extensions", "Infrastructure\Infra.Persistence\Infra.Persistence.EntityFramework.Extensions\Infra.Persistence.EntityFramework.Extensions.csproj", "{166A8CBC-8541-4BF8-95FE-F648127707A2}"
EndProject
Project("{9A19103F-16F7-4668-BE54-9A1E7A4F7556}") = "Infra.Persistence.SqlServer.Extensions", "Infrastructure\Infra.Persistence\Infra.Persistence.SqlServer.Extensions\Infra.Persistence.SqlServer.Extensions.csproj", "{A2EA6CA8-8919-416A-888A-AA41B11886D1}"
EndProject
Project("{9A19103F-16F7-4668-BE54-9A1E7A4F7556}") = "Infra.MediatR.Events", "Infrastructure\Infra.MediatR\Infra.MediatR.Events\Infra.MediatR.Events.csproj", "{731C10E3-30F1-4EB3-8A96-35EB3AECFAB7}"
EndProject
Project("{2150E333-8FDC-42A3-9474-1A3956D46DE8}") = "Services", "Services", "{92A96814-EDB4-4F66-93E7-4FA8EEE6EFD0}"
EndProject
Project("{2150E333-8FDC-42A3-9474-1A3956D46DE8}") = "Ordering", "Ordering", "{800254D1-E44F-42ED-9DF1-23ECA02CCBCE}"
EndProject
Project("{9A19103F-16F7-4668-BE54-9A1E7A4F7556}") = "Troupon.Core.Domain.Ordering", "Services\Ordering\Troupon.Core.Domain.Ordering\Troupon.Core.Domain.Ordering.csproj", "{7530431B-A33C-42BB-B0B4-D0237B0294CF}"
EndProject
Project("{9A19103F-16F7-4668-BE54-9A1E7A4F7556}") = "Troupon.Core.Application.Ordering", "Services\Ordering\Troupon.Core.Application.Ordering\Troupon.Core.Application.Ordering.csproj", "{CCA72F68-0A8E-4E7D-82CB-DE148690EB81}"
EndProject
Project("{9A19103F-16F7-4668-BE54-9A1E7A4F7556}") = "Troupon.Infra.Persistence.Ordering", "Services\Ordering\Troupon.Infra.Persistance.Ordering\Troupon.Infra.Persistence.Ordering.csproj", "{D129B835-3DA5-4DA1-B909-A1DF8B814049}"
EndProject
Project("{9A19103F-16F7-4668-BE54-9A1E7A4F7556}") = "Troupon.Api.Ordering", "Services\Ordering\Troupon.Api.Ordering\Troupon.Api.Ordering.csproj", "{0097DFB1-66B1-41EC-9F0F-FAA0B6F5EF38}"
EndProject
Project("{2150E333-8FDC-42A3-9474-1A3956D46DE8}") = "Shipment", "Shipment", "{B9676750-00DC-40D5-ABC3-25A920733BBA}"
EndProject
Project("{9A19103F-16F7-4668-BE54-9A1E7A4F7556}") = "Troupon.Api.Shipment", "Services\Shipment\Troupon.Api.Shipment\Troupon.Api.Shipment.csproj", "{8EB8112A-1218-47A4-B5B5-2A3D0C0F1294}"
EndProject
Project("{2150E333-8FDC-42A3-9474-1A3956D46DE8}") = "API", "API", "{7DCEA27B-5E2C-4B0F-8747-2FF17A350DB8}"
EndProject
Project("{2150E333-8FDC-42A3-9474-1A3956D46DE8}") = "Payment", "Payment", "{4347B6AE-EE71-4BB5-A351-1A17404BB1A3}"
EndProject
Project("{2150E333-8FDC-42A3-9474-1A3956D46DE8}") = "Notification", "Notification", "{91C25016-DF20-4353-B728-EE7C6727B774}"
EndProject
Project("{2150E333-8FDC-42A3-9474-1A3956D46DE8}") = "API", "API", "{7366379A-B647-409E-814A-DC75DCB58FA3}"
EndProject
Project("{2150E333-8FDC-42A3-9474-1A3956D46DE8}") = "API", "API", "{9D3EA32E-E81B-4894-BF75-B5524CCAB094}"
EndProject
Project("{2150E333-8FDC-42A3-9474-1A3956D46DE8}") = "Shared", "Shared", "{F5AF2D3B-A272-4414-8794-C5604617AD72}"
EndProject
Project("{2150E333-8FDC-42A3-9474-1A3956D46DE8}") = "Model", "Model", "{BCD6A3BC-D79E-4579-BD3E-A44CF99CD382}"
EndProject
Project("{9A19103F-16F7-4668-BE54-9A1E7A4F7556}") = "Troupon.Shared.Model", "Services\Shared\Model\Troupon.Shared.Model.csproj", "{498BC2DF-84DD-481A-A761-C3F1537DE332}"
EndProject
Project("{9A19103F-16F7-4668-BE54-9A1E7A4F7556}") = "Troupon.Api.Notification", "Services\Notification\Troupon.Api.Notification\Troupon.Api.Notification.csproj", "{681D33EE-E312-4262-9F40-7F86EAA63191}"
EndProject
Project("{9A19103F-16F7-4668-BE54-9A1E7A4F7556}") = "Troupon.Api.Payment", "Services\Payment\Troupon.Api.Payment\Troupon.Api.Payment.csproj", "{9979706A-8DD9-4CCB-8259-F11351205DAC}"
EndProject
Global
	GlobalSection(SolutionConfigurationPlatforms) = preSolution
		Debug|Any CPU = Debug|Any CPU
		Release|Any CPU = Release|Any CPU
	EndGlobalSection
	GlobalSection(ProjectConfigurationPlatforms) = postSolution
		{74D2A1CF-6515-468F-B082-12B3D90B8968}.Debug|Any CPU.ActiveCfg = Debug|Any CPU
		{74D2A1CF-6515-468F-B082-12B3D90B8968}.Debug|Any CPU.Build.0 = Debug|Any CPU
		{74D2A1CF-6515-468F-B082-12B3D90B8968}.Release|Any CPU.ActiveCfg = Release|Any CPU
		{74D2A1CF-6515-468F-B082-12B3D90B8968}.Release|Any CPU.Build.0 = Release|Any CPU
		{55E593D7-A66D-4410-BE88-8CEB94E0B84F}.Debug|Any CPU.ActiveCfg = Debug|Any CPU
		{55E593D7-A66D-4410-BE88-8CEB94E0B84F}.Debug|Any CPU.Build.0 = Debug|Any CPU
		{55E593D7-A66D-4410-BE88-8CEB94E0B84F}.Release|Any CPU.ActiveCfg = Release|Any CPU
		{55E593D7-A66D-4410-BE88-8CEB94E0B84F}.Release|Any CPU.Build.0 = Release|Any CPU
		{5992E4C9-E00F-4191-9A35-369D72D70B82}.Debug|Any CPU.ActiveCfg = Debug|Any CPU
		{5992E4C9-E00F-4191-9A35-369D72D70B82}.Debug|Any CPU.Build.0 = Debug|Any CPU
		{5992E4C9-E00F-4191-9A35-369D72D70B82}.Release|Any CPU.ActiveCfg = Release|Any CPU
		{5992E4C9-E00F-4191-9A35-369D72D70B82}.Release|Any CPU.Build.0 = Release|Any CPU
		{CAD16A93-365E-4D9A-9211-2CE7AF896C2A}.Debug|Any CPU.ActiveCfg = Debug|Any CPU
		{CAD16A93-365E-4D9A-9211-2CE7AF896C2A}.Debug|Any CPU.Build.0 = Debug|Any CPU
		{CAD16A93-365E-4D9A-9211-2CE7AF896C2A}.Release|Any CPU.ActiveCfg = Release|Any CPU
		{CAD16A93-365E-4D9A-9211-2CE7AF896C2A}.Release|Any CPU.Build.0 = Release|Any CPU
		{41327AD0-7F06-4343-8F5A-DF26749E5BC0}.Debug|Any CPU.ActiveCfg = Debug|Any CPU
		{41327AD0-7F06-4343-8F5A-DF26749E5BC0}.Debug|Any CPU.Build.0 = Debug|Any CPU
		{41327AD0-7F06-4343-8F5A-DF26749E5BC0}.Release|Any CPU.ActiveCfg = Release|Any CPU
		{41327AD0-7F06-4343-8F5A-DF26749E5BC0}.Release|Any CPU.Build.0 = Release|Any CPU
		{635BF108-A0AD-42EB-94A6-AA0E500C1C2D}.Debug|Any CPU.ActiveCfg = Debug|Any CPU
		{635BF108-A0AD-42EB-94A6-AA0E500C1C2D}.Debug|Any CPU.Build.0 = Debug|Any CPU
		{635BF108-A0AD-42EB-94A6-AA0E500C1C2D}.Release|Any CPU.ActiveCfg = Release|Any CPU
		{635BF108-A0AD-42EB-94A6-AA0E500C1C2D}.Release|Any CPU.Build.0 = Release|Any CPU
		{E41667DE-7F61-435B-884C-E94D25640294}.Debug|Any CPU.ActiveCfg = Debug|Any CPU
		{E41667DE-7F61-435B-884C-E94D25640294}.Debug|Any CPU.Build.0 = Debug|Any CPU
		{E41667DE-7F61-435B-884C-E94D25640294}.Release|Any CPU.ActiveCfg = Release|Any CPU
		{E41667DE-7F61-435B-884C-E94D25640294}.Release|Any CPU.Build.0 = Release|Any CPU
		{6988A040-0F79-4BC5-AA73-3949DDB811E9}.Debug|Any CPU.ActiveCfg = Debug|Any CPU
		{6988A040-0F79-4BC5-AA73-3949DDB811E9}.Debug|Any CPU.Build.0 = Debug|Any CPU
		{6988A040-0F79-4BC5-AA73-3949DDB811E9}.Release|Any CPU.ActiveCfg = Release|Any CPU
		{6988A040-0F79-4BC5-AA73-3949DDB811E9}.Release|Any CPU.Build.0 = Release|Any CPU
		{FFB3F723-08EC-4388-A68C-D31CD2244C9E}.Debug|Any CPU.ActiveCfg = Debug|Any CPU
		{FFB3F723-08EC-4388-A68C-D31CD2244C9E}.Debug|Any CPU.Build.0 = Debug|Any CPU
		{FFB3F723-08EC-4388-A68C-D31CD2244C9E}.Release|Any CPU.ActiveCfg = Release|Any CPU
		{FFB3F723-08EC-4388-A68C-D31CD2244C9E}.Release|Any CPU.Build.0 = Release|Any CPU
		{6642CA15-B1B3-427C-A7C8-A50A98F10EEB}.Debug|Any CPU.ActiveCfg = Debug|Any CPU
		{6642CA15-B1B3-427C-A7C8-A50A98F10EEB}.Debug|Any CPU.Build.0 = Debug|Any CPU
		{6642CA15-B1B3-427C-A7C8-A50A98F10EEB}.Release|Any CPU.ActiveCfg = Release|Any CPU
		{6642CA15-B1B3-427C-A7C8-A50A98F10EEB}.Release|Any CPU.Build.0 = Release|Any CPU
		{07B58B00-74AB-41AF-AD7B-66DE60D9AA7C}.Debug|Any CPU.ActiveCfg = Debug|Any CPU
		{07B58B00-74AB-41AF-AD7B-66DE60D9AA7C}.Debug|Any CPU.Build.0 = Debug|Any CPU
		{07B58B00-74AB-41AF-AD7B-66DE60D9AA7C}.Release|Any CPU.ActiveCfg = Release|Any CPU
		{07B58B00-74AB-41AF-AD7B-66DE60D9AA7C}.Release|Any CPU.Build.0 = Release|Any CPU
		{B41F0B34-2F0D-4EE9-BD1F-7F389939534C}.Debug|Any CPU.ActiveCfg = Debug|Any CPU
		{B41F0B34-2F0D-4EE9-BD1F-7F389939534C}.Debug|Any CPU.Build.0 = Debug|Any CPU
		{B41F0B34-2F0D-4EE9-BD1F-7F389939534C}.Release|Any CPU.ActiveCfg = Release|Any CPU
		{B41F0B34-2F0D-4EE9-BD1F-7F389939534C}.Release|Any CPU.Build.0 = Release|Any CPU
		{166A8CBC-8541-4BF8-95FE-F648127707A2}.Debug|Any CPU.ActiveCfg = Debug|Any CPU
		{166A8CBC-8541-4BF8-95FE-F648127707A2}.Debug|Any CPU.Build.0 = Debug|Any CPU
		{166A8CBC-8541-4BF8-95FE-F648127707A2}.Release|Any CPU.ActiveCfg = Release|Any CPU
		{166A8CBC-8541-4BF8-95FE-F648127707A2}.Release|Any CPU.Build.0 = Release|Any CPU
		{A2EA6CA8-8919-416A-888A-AA41B11886D1}.Debug|Any CPU.ActiveCfg = Debug|Any CPU
		{A2EA6CA8-8919-416A-888A-AA41B11886D1}.Debug|Any CPU.Build.0 = Debug|Any CPU
		{A2EA6CA8-8919-416A-888A-AA41B11886D1}.Release|Any CPU.ActiveCfg = Release|Any CPU
		{A2EA6CA8-8919-416A-888A-AA41B11886D1}.Release|Any CPU.Build.0 = Release|Any CPU
		{731C10E3-30F1-4EB3-8A96-35EB3AECFAB7}.Debug|Any CPU.ActiveCfg = Debug|Any CPU
		{731C10E3-30F1-4EB3-8A96-35EB3AECFAB7}.Debug|Any CPU.Build.0 = Debug|Any CPU
		{731C10E3-30F1-4EB3-8A96-35EB3AECFAB7}.Release|Any CPU.ActiveCfg = Release|Any CPU
		{731C10E3-30F1-4EB3-8A96-35EB3AECFAB7}.Release|Any CPU.Build.0 = Release|Any CPU
		{7530431B-A33C-42BB-B0B4-D0237B0294CF}.Debug|Any CPU.ActiveCfg = Debug|Any CPU
		{7530431B-A33C-42BB-B0B4-D0237B0294CF}.Debug|Any CPU.Build.0 = Debug|Any CPU
		{7530431B-A33C-42BB-B0B4-D0237B0294CF}.Release|Any CPU.ActiveCfg = Release|Any CPU
		{7530431B-A33C-42BB-B0B4-D0237B0294CF}.Release|Any CPU.Build.0 = Release|Any CPU
		{CCA72F68-0A8E-4E7D-82CB-DE148690EB81}.Debug|Any CPU.ActiveCfg = Debug|Any CPU
		{CCA72F68-0A8E-4E7D-82CB-DE148690EB81}.Debug|Any CPU.Build.0 = Debug|Any CPU
		{CCA72F68-0A8E-4E7D-82CB-DE148690EB81}.Release|Any CPU.ActiveCfg = Release|Any CPU
		{CCA72F68-0A8E-4E7D-82CB-DE148690EB81}.Release|Any CPU.Build.0 = Release|Any CPU
		{D129B835-3DA5-4DA1-B909-A1DF8B814049}.Debug|Any CPU.ActiveCfg = Debug|Any CPU
		{D129B835-3DA5-4DA1-B909-A1DF8B814049}.Debug|Any CPU.Build.0 = Debug|Any CPU
		{D129B835-3DA5-4DA1-B909-A1DF8B814049}.Release|Any CPU.ActiveCfg = Release|Any CPU
		{D129B835-3DA5-4DA1-B909-A1DF8B814049}.Release|Any CPU.Build.0 = Release|Any CPU
		{0097DFB1-66B1-41EC-9F0F-FAA0B6F5EF38}.Debug|Any CPU.ActiveCfg = Debug|Any CPU
		{0097DFB1-66B1-41EC-9F0F-FAA0B6F5EF38}.Debug|Any CPU.Build.0 = Debug|Any CPU
		{0097DFB1-66B1-41EC-9F0F-FAA0B6F5EF38}.Release|Any CPU.ActiveCfg = Release|Any CPU
		{0097DFB1-66B1-41EC-9F0F-FAA0B6F5EF38}.Release|Any CPU.Build.0 = Release|Any CPU
		{8EB8112A-1218-47A4-B5B5-2A3D0C0F1294}.Debug|Any CPU.ActiveCfg = Debug|Any CPU
		{8EB8112A-1218-47A4-B5B5-2A3D0C0F1294}.Debug|Any CPU.Build.0 = Debug|Any CPU
		{8EB8112A-1218-47A4-B5B5-2A3D0C0F1294}.Release|Any CPU.ActiveCfg = Release|Any CPU
		{8EB8112A-1218-47A4-B5B5-2A3D0C0F1294}.Release|Any CPU.Build.0 = Release|Any CPU
		{498BC2DF-84DD-481A-A761-C3F1537DE332}.Debug|Any CPU.ActiveCfg = Debug|Any CPU
		{498BC2DF-84DD-481A-A761-C3F1537DE332}.Debug|Any CPU.Build.0 = Debug|Any CPU
		{498BC2DF-84DD-481A-A761-C3F1537DE332}.Release|Any CPU.ActiveCfg = Release|Any CPU
		{498BC2DF-84DD-481A-A761-C3F1537DE332}.Release|Any CPU.Build.0 = Release|Any CPU
		{681D33EE-E312-4262-9F40-7F86EAA63191}.Debug|Any CPU.ActiveCfg = Debug|Any CPU
		{681D33EE-E312-4262-9F40-7F86EAA63191}.Debug|Any CPU.Build.0 = Debug|Any CPU
		{681D33EE-E312-4262-9F40-7F86EAA63191}.Release|Any CPU.ActiveCfg = Release|Any CPU
		{681D33EE-E312-4262-9F40-7F86EAA63191}.Release|Any CPU.Build.0 = Release|Any CPU
		{9979706A-8DD9-4CCB-8259-F11351205DAC}.Debug|Any CPU.ActiveCfg = Debug|Any CPU
		{9979706A-8DD9-4CCB-8259-F11351205DAC}.Debug|Any CPU.Build.0 = Debug|Any CPU
		{9979706A-8DD9-4CCB-8259-F11351205DAC}.Release|Any CPU.ActiveCfg = Release|Any CPU
		{9979706A-8DD9-4CCB-8259-F11351205DAC}.Release|Any CPU.Build.0 = Release|Any CPU
	EndGlobalSection
	GlobalSection(SolutionProperties) = preSolution
		HideSolutionNode = FALSE
	EndGlobalSection
	GlobalSection(NestedProjects) = preSolution
		{BDA43883-8A14-4D71-9D70-804DF6C48581} = {800254D1-E44F-42ED-9DF1-23ECA02CCBCE}
		{39726FEE-8958-4115-B0A0-1F711D4EEE8C} = {800254D1-E44F-42ED-9DF1-23ECA02CCBCE}
		{5E048544-2A5B-43D5-9231-052403F0DD60} = {800254D1-E44F-42ED-9DF1-23ECA02CCBCE}
		{74D2A1CF-6515-468F-B082-12B3D90B8968} = {2AAC66A3-6D24-43DB-9E0F-23A8FDB05DFC}
		{55E593D7-A66D-4410-BE88-8CEB94E0B84F} = {CB32E531-01E9-480B-B2AD-2D50E1B2EB92}
		{5992E4C9-E00F-4191-9A35-369D72D70B82} = {CB32E531-01E9-480B-B2AD-2D50E1B2EB92}
		{CAD16A93-365E-4D9A-9211-2CE7AF896C2A} = {2AAC66A3-6D24-43DB-9E0F-23A8FDB05DFC}
		{CB32E531-01E9-480B-B2AD-2D50E1B2EB92} = {2AAC66A3-6D24-43DB-9E0F-23A8FDB05DFC}
		{44F08FF2-DFC3-49E2-A0CF-88AD3B572B78} = {2AAC66A3-6D24-43DB-9E0F-23A8FDB05DFC}
		{E28A09B9-E9C8-4966-8C7A-59E8DBB83FA1} = {2AAC66A3-6D24-43DB-9E0F-23A8FDB05DFC}
		{41327AD0-7F06-4343-8F5A-DF26749E5BC0} = {E28A09B9-E9C8-4966-8C7A-59E8DBB83FA1}
		{635BF108-A0AD-42EB-94A6-AA0E500C1C2D} = {E28A09B9-E9C8-4966-8C7A-59E8DBB83FA1}
		{E41667DE-7F61-435B-884C-E94D25640294} = {E28A09B9-E9C8-4966-8C7A-59E8DBB83FA1}
		{6988A040-0F79-4BC5-AA73-3949DDB811E9} = {E28A09B9-E9C8-4966-8C7A-59E8DBB83FA1}
		{FFB3F723-08EC-4388-A68C-D31CD2244C9E} = {E28A09B9-E9C8-4966-8C7A-59E8DBB83FA1}
		{6642CA15-B1B3-427C-A7C8-A50A98F10EEB} = {E28A09B9-E9C8-4966-8C7A-59E8DBB83FA1}
		{07B58B00-74AB-41AF-AD7B-66DE60D9AA7C} = {44F08FF2-DFC3-49E2-A0CF-88AD3B572B78}
		{B41F0B34-2F0D-4EE9-BD1F-7F389939534C} = {44F08FF2-DFC3-49E2-A0CF-88AD3B572B78}
		{166A8CBC-8541-4BF8-95FE-F648127707A2} = {44F08FF2-DFC3-49E2-A0CF-88AD3B572B78}
		{A2EA6CA8-8919-416A-888A-AA41B11886D1} = {44F08FF2-DFC3-49E2-A0CF-88AD3B572B78}
		{731C10E3-30F1-4EB3-8A96-35EB3AECFAB7} = {E28A09B9-E9C8-4966-8C7A-59E8DBB83FA1}
		{800254D1-E44F-42ED-9DF1-23ECA02CCBCE} = {92A96814-EDB4-4F66-93E7-4FA8EEE6EFD0}
		{7530431B-A33C-42BB-B0B4-D0237B0294CF} = {BDA43883-8A14-4D71-9D70-804DF6C48581}
		{CCA72F68-0A8E-4E7D-82CB-DE148690EB81} = {BDA43883-8A14-4D71-9D70-804DF6C48581}
		{D129B835-3DA5-4DA1-B909-A1DF8B814049} = {39726FEE-8958-4115-B0A0-1F711D4EEE8C}
		{0097DFB1-66B1-41EC-9F0F-FAA0B6F5EF38} = {5E048544-2A5B-43D5-9231-052403F0DD60}
		{B9676750-00DC-40D5-ABC3-25A920733BBA} = {92A96814-EDB4-4F66-93E7-4FA8EEE6EFD0}
		{8EB8112A-1218-47A4-B5B5-2A3D0C0F1294} = {7DCEA27B-5E2C-4B0F-8747-2FF17A350DB8}
		{7DCEA27B-5E2C-4B0F-8747-2FF17A350DB8} = {B9676750-00DC-40D5-ABC3-25A920733BBA}
		{4347B6AE-EE71-4BB5-A351-1A17404BB1A3} = {92A96814-EDB4-4F66-93E7-4FA8EEE6EFD0}
		{91C25016-DF20-4353-B728-EE7C6727B774} = {92A96814-EDB4-4F66-93E7-4FA8EEE6EFD0}
		{7366379A-B647-409E-814A-DC75DCB58FA3} = {91C25016-DF20-4353-B728-EE7C6727B774}
		{9D3EA32E-E81B-4894-BF75-B5524CCAB094} = {4347B6AE-EE71-4BB5-A351-1A17404BB1A3}
		{F5AF2D3B-A272-4414-8794-C5604617AD72} = {92A96814-EDB4-4F66-93E7-4FA8EEE6EFD0}
		{BCD6A3BC-D79E-4579-BD3E-A44CF99CD382} = {F5AF2D3B-A272-4414-8794-C5604617AD72}
		{498BC2DF-84DD-481A-A761-C3F1537DE332} = {BCD6A3BC-D79E-4579-BD3E-A44CF99CD382}
		{681D33EE-E312-4262-9F40-7F86EAA63191} = {7366379A-B647-409E-814A-DC75DCB58FA3}
		{9979706A-8DD9-4CCB-8259-F11351205DAC} = {9D3EA32E-E81B-4894-BF75-B5524CCAB094}
	EndGlobalSection
	GlobalSection(ExtensibilityGlobals) = postSolution
		SolutionGuid = {63F4EA02-B9BA-404B-9773-D9585A8D5964}
	EndGlobalSection
EndGlobal
